
Microsoft Visual Studio Solution File, Format Version 12.00
# Visual Studio 14
VisualStudioVersion = 14.0.23107.0
MinimumVisualStudioVersion = 10.0.40219.1
Project("{FAE04EC0-301F-11D3-BF4B-00C04F79EFBC}") = "TrailerClipperLib", "TrailerClipperLib\TrailerClipperLib.csproj", "{BEB99DEA-5C1F-49F1-836F-8244F6165DB0}"
EndProject
Project("{FAE04EC0-301F-11D3-BF4B-00C04F79EFBC}") = "TClipper", "TClipper\TClipper.csproj", "{9240D773-52D4-45CE-B3DA-00895009128D}"
EndProject
Global
	GlobalSection(SolutionConfigurationPlatforms) = preSolution
		Debug|Any CPU = Debug|Any CPU
		Release|Any CPU = Release|Any CPU
	EndGlobalSection
	GlobalSection(ProjectConfigurationPlatforms) = postSolution
		{BEB99DEA-5C1F-49F1-836F-8244F6165DB0}.Debug|Any CPU.ActiveCfg = Debug|Any CPU
		{BEB99DEA-5C1F-49F1-836F-8244F6165DB0}.Debug|Any CPU.Build.0 = Debug|Any CPU
		{BEB99DEA-5C1F-49F1-836F-8244F6165DB0}.Release|Any CPU.ActiveCfg = Release|Any CPU
		{BEB99DEA-5C1F-49F1-836F-8244F6165DB0}.Release|Any CPU.Build.0 = Release|Any CPU
		{9240D773-52D4-45CE-B3DA-00895009128D}.Debug|Any CPU.ActiveCfg = Debug|Any CPU
		{9240D773-52D4-45CE-B3DA-00895009128D}.Debug|Any CPU.Build.0 = Debug|Any CPU
		{9240D773-52D4-45CE-B3DA-00895009128D}.Release|Any CPU.ActiveCfg = Release|Any CPU
		{9240D773-52D4-45CE-B3DA-00895009128D}.Release|Any CPU.Build.0 = Release|Any CPU
	EndGlobalSection
	GlobalSection(SolutionProperties) = preSolution
		HideSolutionNode = FALSE
	EndGlobalSection
EndGlobal
